
Microsoft Visual Studio Solution File, Format Version 12.00
# Visual Studio Version 16
VisualStudioVersion = 16.0.32106.194
MinimumVisualStudioVersion = 10.0.40219.1
Project("{9A19103F-16F7-4668-BE54-9A1E7A4F7556}") = "DevIO.Api", "src\DevIO.Api\DevIO.Api.csproj", "{7DE6CF32-DD35-4819-9642-04E50043F755}"
EndProject
Project("{9A19103F-16F7-4668-BE54-9A1E7A4F7556}") = "DevIO.Business", "src\DevIO.Business\DevIO.Business.csproj", "{76E98CF8-AB70-4FD9-921D-4DFAF025381F}"
EndProject
Project("{9A19103F-16F7-4668-BE54-9A1E7A4F7556}") = "DevIO.Data", "src\DevIO.Data\DevIO.Data.csproj", "{7A7C6E62-84EB-49F2-B808-75D4E896E4AB}"
EndProject
Global
	GlobalSection(SolutionConfigurationPlatforms) = preSolution
		Debug|Any CPU = Debug|Any CPU
		Release|Any CPU = Release|Any CPU
	EndGlobalSection
	GlobalSection(ProjectConfigurationPlatforms) = postSolution
		{7DE6CF32-DD35-4819-9642-04E50043F755}.Debug|Any CPU.ActiveCfg = Debug|Any CPU
		{7DE6CF32-DD35-4819-9642-04E50043F755}.Debug|Any CPU.Build.0 = Debug|Any CPU
		{7DE6CF32-DD35-4819-9642-04E50043F755}.Release|Any CPU.ActiveCfg = Release|Any CPU
		{7DE6CF32-DD35-4819-9642-04E50043F755}.Release|Any CPU.Build.0 = Release|Any CPU
		{76E98CF8-AB70-4FD9-921D-4DFAF025381F}.Debug|Any CPU.ActiveCfg = Debug|Any CPU
		{76E98CF8-AB70-4FD9-921D-4DFAF025381F}.Debug|Any CPU.Build.0 = Debug|Any CPU
		{76E98CF8-AB70-4FD9-921D-4DFAF025381F}.Release|Any CPU.ActiveCfg = Release|Any CPU
		{76E98CF8-AB70-4FD9-921D-4DFAF025381F}.Release|Any CPU.Build.0 = Release|Any CPU
		{7A7C6E62-84EB-49F2-B808-75D4E896E4AB}.Debug|Any CPU.ActiveCfg = Debug|Any CPU
		{7A7C6E62-84EB-49F2-B808-75D4E896E4AB}.Debug|Any CPU.Build.0 = Debug|Any CPU
		{7A7C6E62-84EB-49F2-B808-75D4E896E4AB}.Release|Any CPU.ActiveCfg = Release|Any CPU
		{7A7C6E62-84EB-49F2-B808-75D4E896E4AB}.Release|Any CPU.Build.0 = Release|Any CPU
	EndGlobalSection
	GlobalSection(SolutionProperties) = preSolution
		HideSolutionNode = FALSE
	EndGlobalSection
	GlobalSection(ExtensibilityGlobals) = postSolution
		SolutionGuid = {E81A2CFE-CDD0-42B1-8451-0359F0607B47}
	EndGlobalSection
EndGlobal
